<?xml version="1.0" encoding="utf-8"?>
<Project ToolsVersion="4.0" xmlns="http://schemas.microsoft.com/developer/msbuild/2003">
  <ItemGroup>
    <Filter Include="DJ">
      <UniqueIdentifier>{53735900-3FFF-870B-A8AD-880B9458880B}</UniqueIdentifier>
    </Filter>
  </ItemGroup>
  <ItemGroup>
    <ClInclude Include="src\DJ.h" />
    <ClInclude Include="src\DJ\Application.h">
      <Filter>DJ</Filter>
    </ClInclude>
    <ClInclude Include="src\DJ\Core_Stuff.h">
      <Filter>DJ</Filter>
    </ClInclude>
    <ClInclude Include="src\DJ\EntryPoint.h">
      <Filter>DJ</Filter>
    </ClInclude>
    <ClInclude Include="src\DJ\log.h">
      <Filter>DJ</Filter>
    </ClInclude>
    <ClInclude Include="src\DJ\Events\ApplicationEvent.h" />
    <ClInclude Include="src\DJ\Events\Event.h" />
    <ClInclude Include="src\DJ\Events\KeyEvent.h" />
    <ClInclude Include="src\DJ\Events\MouseEvent.h" />
    <ClInclude Include="src\djpch.h" />
    <ClInclude Include="djpch.h" />
  </ItemGroup>
  <ItemGroup>
    <ClCompile Include="src\DJ\Application.cpp">
      <Filter>DJ</Filter>
    </ClCompile>
    <ClCompile Include="src\DJ\log.cpp">
      <Filter>DJ</Filter>
    </ClCompile>
    <ClCompile Include="src\djpch.cpp" />
  </ItemGroup>
</Project>